
Microsoft Visual Studio Solution File, Format Version 12.00
# Visual Studio 14
VisualStudioVersion = 14.0.25123.0
MinimumVisualStudioVersion = 10.0.40219.1
Project("{FAE04EC0-301F-11D3-BF4B-00C04F79EFBC}") = "FrontEnd", "TypeScriptHTMLApp1\FrontEnd.csproj", "{4E2E8FE4-064D-40E8-91F5-B775FB53D33C}"
EndProject
Project("{FAE04EC0-301F-11D3-BF4B-00C04F79EFBC}") = "ServiceLayer", "ServiceLayer\ServiceLayer.csproj", "{F91C3FFC-C8F1-4188-8D52-21CC5842A2C5}"
EndProject
Project("{FAE04EC0-301F-11D3-BF4B-00C04F79EFBC}") = "ServiceLayer.Tests", "ServiceLayer.Tests\ServiceLayer.Tests.csproj", "{380C653B-85F9-4F24-8717-FEFC53D02A5B}"
EndProject
Project("{FAE04EC0-301F-11D3-BF4B-00C04F79EFBC}") = "OData", "..\..\..\..\Documents\Visual Studio 2015\Projects\OData\OData.csproj", "{D8BC1640-5614-496B-B238-2E262755A8BF}"
EndProject
Project("{FAE04EC0-301F-11D3-BF4B-00C04F79EFBC}") = "StudentsService", "StudentsService\StudentsService.csproj", "{0DE398F0-0613-43E3-BE11-2834F6F985E8}"
EndProject
Project("{FAE04EC0-301F-11D3-BF4B-00C04F79EFBC}") = "StudentsService.Tests", "StudentsService.Tests\StudentsService.Tests.csproj", "{966323C3-6AC4-4687-A443-C28925B78F40}"
EndProject
Project("{FAE04EC0-301F-11D3-BF4B-00C04F79EFBC}") = "BackEnd", "BackEnd\BackEnd.csproj", "{10C2E1F0-07C5-4ED5-859A-F1CBB20BB68F}"
EndProject
Project("{FAE04EC0-301F-11D3-BF4B-00C04F79EFBC}") = "BackEndConsole", "BackEndConsole\BackEndConsole.csproj", "{8710D524-3285-41AF-8629-9A1EE95E9FBA}"
EndProject
Global
	GlobalSection(SolutionConfigurationPlatforms) = preSolution
		Debug|Any CPU = Debug|Any CPU
		Release|Any CPU = Release|Any CPU
	EndGlobalSection
	GlobalSection(ProjectConfigurationPlatforms) = postSolution
		{4E2E8FE4-064D-40E8-91F5-B775FB53D33C}.Debug|Any CPU.ActiveCfg = Debug|Any CPU
		{4E2E8FE4-064D-40E8-91F5-B775FB53D33C}.Debug|Any CPU.Build.0 = Debug|Any CPU
		{4E2E8FE4-064D-40E8-91F5-B775FB53D33C}.Release|Any CPU.ActiveCfg = Release|Any CPU
		{4E2E8FE4-064D-40E8-91F5-B775FB53D33C}.Release|Any CPU.Build.0 = Release|Any CPU
		{F91C3FFC-C8F1-4188-8D52-21CC5842A2C5}.Debug|Any CPU.ActiveCfg = Debug|Any CPU
		{F91C3FFC-C8F1-4188-8D52-21CC5842A2C5}.Debug|Any CPU.Build.0 = Debug|Any CPU
		{F91C3FFC-C8F1-4188-8D52-21CC5842A2C5}.Release|Any CPU.ActiveCfg = Release|Any CPU
		{F91C3FFC-C8F1-4188-8D52-21CC5842A2C5}.Release|Any CPU.Build.0 = Release|Any CPU
		{380C653B-85F9-4F24-8717-FEFC53D02A5B}.Debug|Any CPU.ActiveCfg = Debug|Any CPU
		{380C653B-85F9-4F24-8717-FEFC53D02A5B}.Debug|Any CPU.Build.0 = Debug|Any CPU
		{380C653B-85F9-4F24-8717-FEFC53D02A5B}.Release|Any CPU.ActiveCfg = Release|Any CPU
		{380C653B-85F9-4F24-8717-FEFC53D02A5B}.Release|Any CPU.Build.0 = Release|Any CPU
		{D8BC1640-5614-496B-B238-2E262755A8BF}.Debug|Any CPU.ActiveCfg = Debug|Any CPU
		{D8BC1640-5614-496B-B238-2E262755A8BF}.Debug|Any CPU.Build.0 = Debug|Any CPU
		{D8BC1640-5614-496B-B238-2E262755A8BF}.Release|Any CPU.ActiveCfg = Release|Any CPU
		{D8BC1640-5614-496B-B238-2E262755A8BF}.Release|Any CPU.Build.0 = Release|Any CPU
		{0DE398F0-0613-43E3-BE11-2834F6F985E8}.Debug|Any CPU.ActiveCfg = Debug|Any CPU
		{0DE398F0-0613-43E3-BE11-2834F6F985E8}.Debug|Any CPU.Build.0 = Debug|Any CPU
		{0DE398F0-0613-43E3-BE11-2834F6F985E8}.Release|Any CPU.ActiveCfg = Release|Any CPU
		{0DE398F0-0613-43E3-BE11-2834F6F985E8}.Release|Any CPU.Build.0 = Release|Any CPU
		{966323C3-6AC4-4687-A443-C28925B78F40}.Debug|Any CPU.ActiveCfg = Debug|Any CPU
		{966323C3-6AC4-4687-A443-C28925B78F40}.Debug|Any CPU.Build.0 = Debug|Any CPU
		{966323C3-6AC4-4687-A443-C28925B78F40}.Release|Any CPU.ActiveCfg = Release|Any CPU
		{966323C3-6AC4-4687-A443-C28925B78F40}.Release|Any CPU.Build.0 = Release|Any CPU
		{10C2E1F0-07C5-4ED5-859A-F1CBB20BB68F}.Debug|Any CPU.ActiveCfg = Debug|Any CPU
		{10C2E1F0-07C5-4ED5-859A-F1CBB20BB68F}.Debug|Any CPU.Build.0 = Debug|Any CPU
		{10C2E1F0-07C5-4ED5-859A-F1CBB20BB68F}.Release|Any CPU.ActiveCfg = Release|Any CPU
		{10C2E1F0-07C5-4ED5-859A-F1CBB20BB68F}.Release|Any CPU.Build.0 = Release|Any CPU
		{8710D524-3285-41AF-8629-9A1EE95E9FBA}.Debug|Any CPU.ActiveCfg = Debug|Any CPU
		{8710D524-3285-41AF-8629-9A1EE95E9FBA}.Debug|Any CPU.Build.0 = Debug|Any CPU
		{8710D524-3285-41AF-8629-9A1EE95E9FBA}.Release|Any CPU.ActiveCfg = Release|Any CPU
		{8710D524-3285-41AF-8629-9A1EE95E9FBA}.Release|Any CPU.Build.0 = Release|Any CPU
	EndGlobalSection
	GlobalSection(SolutionProperties) = preSolution
		HideSolutionNode = FALSE
	EndGlobalSection
EndGlobal
